// !$*UTF8*$!
{
	archiveVersion = 1;
	classes = {
	};
	objectVersion = 77;
	objects = {

/* Begin PBXBuildFile section */
		8003D01D30387A4900C6CE01 /* Config.swift in Sources */ = {isa = PBXBuildFile; fileRef = 8003D01930387A4900C6CE01 /* Config.swift */; };
		8003D01E30387A4900C6CE01 /* Constants.swift in Sources */ = {isa = PBXBuildFile; fileRef = 8003D01A30387A4900C6CE01 /* Constants.swift */; };
		8003D01F30387A4900C6CE01 /* IPCProtocol.swift in Sources */ = {isa = PBXBuildFile; fileRef = 8003D01B30387A4900C6CE01 /* IPCProtocol.swift */; };
		8003D03E303881EB00C6CE01 /* HeartbeatMonitor.swift in Sources */ = {isa = PBXBuildFile; fileRef = 8003D03A303881EB00C6CE01 /* HeartbeatMonitor.swift */; };
		8003D03F303881EB00C6CE01 /* EscalationManager.swift in Sources */ = {isa = PBXBuildFile; fileRef = 8003D038303881EB00C6CE01 /* EscalationManager.swift */; };
		8003D040303881EB00C6CE01 /* main.swift in Sources */ = {isa = PBXBuildFile; fileRef = 8003D03B303881EB00C6CE01 /* main.swift */; };
		8003D041303881EB00C6CE01 /* BlackoutTimer.swift in Sources */ = {isa = PBXBuildFile; fileRef = 8003D037303881EB00C6CE01 /* BlackoutTimer.swift */; };
		8003D042303881EB00C6CE01 /* FallbackCover.swift in Sources */ = {isa = PBXBuildFile; fileRef = 8003D039303881EB00C6CE01 /* FallbackCover.swift */; };
		8003D051303881EB00C6CE02 /* ProcessEnumeration.swift in Sources */ = {isa = PBXBuildFile; fileRef = 8003D050303881EB00C6CE02 /* ProcessEnumeration.swift */; };
		8003D053303881EB00C6CE02 /* AppLockManager.swift in Sources */ = {isa = PBXBuildFile; fileRef = 8003D052303881EB00C6CE02 /* AppLockManager.swift */; };
		8003D054303881EB00C6CE02 /* Config.swift in Sources */ = {isa = PBXBuildFile; fileRef = 8003D01930387A4900C6CE01 /* Config.swift */; };
		8003D055303881EB00C6CE02 /* Constants.swift in Sources */ = {isa = PBXBuildFile; fileRef = 8003D01A30387A4900C6CE01 /* Constants.swift */; };
		8003D056303881EB00C6CE02 /* IPCProtocol.swift in Sources */ = {isa = PBXBuildFile; fileRef = 8003D01B30387A4900C6CE01 /* IPCProtocol.swift */; };
		8003D0593039787000C6CE01 /* onnxruntime in Frameworks */ = {isa = PBXBuildFile; productRef = 8003D0583039787000C6CE01 /* onnxruntime */; };
		8003D05B3039787000C6CE01 /* onnxruntime_extensions in Frameworks */ = {isa = PBXBuildFile; productRef = 8003D05A3039787000C6CE01 /* onnxruntime_extensions */; };
/* End PBXBuildFile section */

/* Begin PBXCopyFilesBuildPhase section */
		8003D0233038811E00C6CE01 /* CopyFiles */ = {
			isa = PBXCopyFilesBuildPhase;
			buildActionMask = 2147483647;
			dstPath = /usr/share/man/man1/;
			dstSubfolderSpec = 0;
			files = (
			);
			runOnlyForDeploymentPostprocessing = 1;
		};
		8003D0453038824200C6CE01 /* CopyFiles */ = {
			isa = PBXCopyFilesBuildPhase;
			buildActionMask = 2147483647;
			dstPath = /usr/share/man/man1/;
			dstSubfolderSpec = 0;
			files = (
			);
			runOnlyForDeploymentPostprocessing = 1;
		};
/* End PBXCopyFilesBuildPhase section */

/* Begin PBXFileReference section */
		8003D01930387A4900C6CE01 /* Config.swift */ = {isa = PBXFileReference; lastKnownFileType = sourcecode.swift; path = Config.swift; sourceTree = "<group>"; };
		8003D01A30387A4900C6CE01 /* Constants.swift */ = {isa = PBXFileReference; lastKnownFileType = sourcecode.swift; path = Constants.swift; sourceTree = "<group>"; };
		8003D01B30387A4900C6CE01 /* IPCProtocol.swift */ = {isa = PBXFileReference; lastKnownFileType = sourcecode.swift; path = IPCProtocol.swift; sourceTree = "<group>"; };
		8003D0253038811E00C6CE01 /* ContentGuardDaemon */ = {isa = PBXFileReference; explicitFileType = "compiled.mach-o.executable"; includeInIndex = 0; name = ContentGuardDaemon; path = /Users/lukepowell/guard/mac/build/Debug/ContentGuardDaemon; sourceTree = "<absolute>"; };
		8003D037303881EB00C6CE01 /* BlackoutTimer.swift */ = {isa = PBXFileReference; lastKnownFileType = sourcecode.swift; path = BlackoutTimer.swift; sourceTree = "<group>"; };
		8003D038303881EB00C6CE01 /* EscalationManager.swift */ = {isa = PBXFileReference; lastKnownFileType = sourcecode.swift; path = EscalationManager.swift; sourceTree = "<group>"; };
		8003D039303881EB00C6CE01 /* FallbackCover.swift */ = {isa = PBXFileReference; lastKnownFileType = sourcecode.swift; path = FallbackCover.swift; sourceTree = "<group>"; };
		8003D03A303881EB00C6CE01 /* HeartbeatMonitor.swift */ = {isa = PBXFileReference; lastKnownFileType = sourcecode.swift; path = HeartbeatMonitor.swift; sourceTree = "<group>"; };
		8003D03B303881EB00C6CE01 /* main.swift */ = {isa = PBXFileReference; lastKnownFileType = sourcecode.swift; path = main.swift; sourceTree = "<group>"; };
		8003D050303881EB00C6CE02 /* ProcessEnumeration.swift */ = {isa = PBXFileReference; lastKnownFileType = sourcecode.swift; path = ProcessEnumeration.swift; sourceTree = "<group>"; };
		8003D052303881EB00C6CE02 /* AppLockManager.swift */ = {isa = PBXFileReference; lastKnownFileType = sourcecode.swift; path = AppLockManager.swift; sourceTree = "<group>"; };
		8003D0473038824200C6CE01 /* ContentGuardRelease */ = {isa = PBXFileReference; explicitFileType = "compiled.mach-o.executable"; includeInIndex = 0; path = ContentGuardRelease; sourceTree = BUILT_PRODUCTS_DIR; };
		80A0DCFD303878CB00840C36 /* ContentGuardAgent.app */ = {isa = PBXFileReference; explicitFileType = wrapper.application; includeInIndex = 0; name = ContentGuardAgent.app; path = /Users/lukepowell/guard/mac/build/Debug/ContentGuardAgent.app; sourceTree = "<absolute>"; };
/* End PBXFileReference section */

/* Begin PBXFileSystemSynchronizedBuildFileExceptionSet section */
		8003D02030387AC400C6CE01 /* Exceptions for "ContentGuardAgent" folder in "ContentGuardAgent" target */ = {
			isa = PBXFileSystemSynchronizedBuildFileExceptionSet;
			membershipExceptions = (
				Info.plist,
			);
			target = 80A0DCFC303878CB00840C36 /* ContentGuardAgent */;
		};
/* End PBXFileSystemSynchronizedBuildFileExceptionSet section */

/* Begin PBXFileSystemSynchronizedRootGroup section */
		8003D0483038824200C6CE01 /* ContentGuardRelease */ = {
			isa = PBXFileSystemSynchronizedRootGroup;
			path = ContentGuardRelease;
			sourceTree = "<group>";
		};
		80A0DCFF303878CB00840C36 /* ContentGuardAgent */ = {
			isa = PBXFileSystemSynchronizedRootGroup;
			exceptions = (
				8003D02030387AC400C6CE01 /* Exceptions for "ContentGuardAgent" folder in "ContentGuardAgent" target */,
			);
			path = ContentGuardAgent;
			sourceTree = "<group>";
		};
/* End PBXFileSystemSynchronizedRootGroup section */

/* Begin PBXFrameworksBuildPhase section */
		8003D0223038811E00C6CE01 /* Frameworks */ = {
			isa = PBXFrameworksBuildPhase;
			buildActionMask = 2147483647;
			files = (
			);
			runOnlyForDeploymentPostprocessing = 0;
		};
		8003D0443038824200C6CE01 /* Frameworks */ = {
			isa = PBXFrameworksBuildPhase;
			buildActionMask = 2147483647;
			files = (
			);
			runOnlyForDeploymentPostprocessing = 0;
		};
		80A0DCFA303878CB00840C36 /* Frameworks */ = {
			isa = PBXFrameworksBuildPhase;
			buildActionMask = 2147483647;
			files = (
				8003D05B3039787000C6CE01 /* onnxruntime_extensions in Frameworks */,
				8003D0593039787000C6CE01 /* onnxruntime in Frameworks */,
			);
			runOnlyForDeploymentPostprocessing = 0;
		};
/* End PBXFrameworksBuildPhase section */

/* Begin PBXGroup section */
		8003D01C30387A4900C6CE01 /* Shared */ = {
			isa = PBXGroup;
			children = (
				8003D01930387A4900C6CE01 /* Config.swift */,
				8003D01A30387A4900C6CE01 /* Constants.swift */,
				8003D01B30387A4900C6CE01 /* IPCProtocol.swift */,
			);
			path = Shared;
			sourceTree = "<group>";
		};
		8003D03C303881EB00C6CE01 /* Sources */ = {
			isa = PBXGroup;
			children = (
				8003D037303881EB00C6CE01 /* BlackoutTimer.swift */,
				8003D038303881EB00C6CE01 /* EscalationManager.swift */,
				8003D039303881EB00C6CE01 /* FallbackCover.swift */,
				8003D03A303881EB00C6CE01 /* HeartbeatMonitor.swift */,
				8003D03B303881EB00C6CE01 /* main.swift */,
				8003D050303881EB00C6CE02 /* ProcessEnumeration.swift */,
				8003D052303881EB00C6CE02 /* AppLockManager.swift */,
			);
			path = Sources;
			sourceTree = "<group>";
		};
		8003D03D303881EB00C6CE01 /* ContentGuardDaemon */ = {
			isa = PBXGroup;
			children = (
				8003D03C303881EB00C6CE01 /* Sources */,
			);
			path = ContentGuardDaemon;
			sourceTree = "<group>";
		};
		80A0DCF4303878CB00840C36 = {
			isa = PBXGroup;
			children = (
				8003D03D303881EB00C6CE01 /* ContentGuardDaemon */,
				8003D01C30387A4900C6CE01 /* Shared */,
				80A0DCFF303878CB00840C36 /* ContentGuardAgent */,
				8003D0473038824200C6CE01 /* ContentGuardRelease */,
				8003D0483038824200C6CE01 /* ContentGuardRelease */,
			);
			sourceTree = "<group>";
		};
/* End PBXGroup section */

/* Begin PBXNativeTarget section */
		8003D0243038811E00C6CE01 /* ContentGuardDaemon */ = {
			isa = PBXNativeTarget;
			buildConfigurationList = 8003D0293038811E00C6CE01 /* Build configuration list for PBXNativeTarget "ContentGuardDaemon" */;
			buildPhases = (
				8003D0213038811E00C6CE01 /* Sources */,
				8003D0223038811E00C6CE01 /* Frameworks */,
				8003D0233038811E00C6CE01 /* CopyFiles */,
			);
			buildRules = (
			);
			dependencies = (
			);
			name = ContentGuardDaemon;
			packageProductDependencies = (
			);
			productName = ContentGuardDaemon;
			productReference = 8003D0253038811E00C6CE01 /* ContentGuardDaemon */;
			productType = "com.apple.product-type.tool";
		};
		8003D0463038824200C6CE01 /* ContentGuardRelease */ = {
			isa = PBXNativeTarget;
			buildConfigurationList = 8003D04B3038824200C6CE01 /* Build configuration list for PBXNativeTarget "ContentGuardRelease" */;
			buildPhases = (
				8003D0433038824200C6CE01 /* Sources */,
				8003D0443038824200C6CE01 /* Frameworks */,
				8003D0453038824200C6CE01 /* CopyFiles */,
			);
			buildRules = (
			);
			dependencies = (
			);
			fileSystemSynchronizedGroups = (
				8003D0483038824200C6CE01 /* ContentGuardRelease */,
			);
			name = ContentGuardRelease;
			packageProductDependencies = (
			);
			productName = ContentGuardRelease;
			productReference = 8003D0473038824200C6CE01 /* ContentGuardRelease */;
			productType = "com.apple.product-type.tool";
		};
		80A0DCFC303878CB00840C36 /* ContentGuardAgent */ = {
			isa = PBXNativeTarget;
			buildConfigurationList = 80A0DD08303878CC00840C36 /* Build configuration list for PBXNativeTarget "ContentGuardAgent" */;
			buildPhases = (
				80A0DCF9303878CB00840C36 /* Sources */,
				80A0DCFA303878CB00840C36 /* Frameworks */,
				80A0DCFB303878CB00840C36 /* Resources */,
			);
			buildRules = (
			);
			dependencies = (
			);
			fileSystemSynchronizedGroups = (
				80A0DCFF303878CB00840C36 /* ContentGuardAgent */,
			);
			name = ContentGuardAgent;
			packageProductDependencies = (
				8003D0583039787000C6CE01 /* onnxruntime */,
				8003D05A3039787000C6CE01 /* onnxruntime_extensions */,
			);
			productName = ContentGuardAgent;
			productReference = 80A0DCFD303878CB00840C36 /* ContentGuardAgent.app */;
			productType = "com.apple.product-type.application";
		};
/* End PBXNativeTarget section */

/* Begin PBXProject section */
		80A0DCF5303878CB00840C36 /* Project object */ = {
			isa = PBXProject;
			attributes = {
				BuildIndependentTargetsInParallel = 1;
				LastSwiftUpdateCheck = 2660;
				LastUpgradeCheck = 2660;
				TargetAttributes = {
					8003D0243038811E00C6CE01 = {
						CreatedOnToolsVersion = 26.6;
						LastSwiftMigration = 2660;
					};
					8003D0463038824200C6CE01 = {
						CreatedOnToolsVersion = 26.6;
						LastSwiftMigration = 2660;
					};
					80A0DCFC303878CB00840C36 = {
						CreatedOnToolsVersion = 26.6;
					};
				};
			};
			buildConfigurationList = 80A0DCF8303878CB00840C36 /* Build configuration list for PBXProject "ContentGuard" */;
			developmentRegion = en;
			hasScannedForEncodings = 0;
			knownRegions = (
				en,
				Base,
			);
			mainGroup = 80A0DCF4303878CB00840C36;
			minimizedProjectReferenceProxies = 1;
			packageReferences = (
				8003D0573039787000C6CE01 /* XCRemoteSwiftPackageReference "onnxruntime-swift-package-manager" */,
			);
			preferredProjectObjectVersion = 77;
			productRefGroup = 80A0DCF4303878CB00840C36;
			projectDirPath = "";
			projectRoot = "";
			targets = (
				80A0DCFC303878CB00840C36 /* ContentGuardAgent */,
				8003D0243038811E00C6CE01 /* ContentGuardDaemon */,
				8003D0463038824200C6CE01 /* ContentGuardRelease */,
			);
		};
/* End PBXProject section */

/* Begin PBXResourcesBuildPhase section */
		80A0DCFB303878CB00840C36 /* Resources */ = {
			isa = PBXResourcesBuildPhase;
			buildActionMask = 2147483647;
			files = (
			);
			runOnlyForDeploymentPostprocessing = 0;
		};
/* End PBXResourcesBuildPhase section */

/* Begin PBXSourcesBuildPhase section */
		8003D0213038811E00C6CE01 /* Sources */ = {
			isa = PBXSourcesBuildPhase;
			buildActionMask = 2147483647;
			files = (
				8003D03E303881EB00C6CE01 /* HeartbeatMonitor.swift in Sources */,
				8003D03F303881EB00C6CE01 /* EscalationManager.swift in Sources */,
				8003D040303881EB00C6CE01 /* main.swift in Sources */,
				8003D041303881EB00C6CE01 /* BlackoutTimer.swift in Sources */,
				8003D042303881EB00C6CE01 /* FallbackCover.swift in Sources */,
				8003D051303881EB00C6CE02 /* ProcessEnumeration.swift in Sources */,
				8003D053303881EB00C6CE02 /* AppLockManager.swift in Sources */,
				8003D054303881EB00C6CE02 /* Config.swift in Sources */,
				8003D055303881EB00C6CE02 /* Constants.swift in Sources */,
				8003D056303881EB00C6CE02 /* IPCProtocol.swift in Sources */,
			);
			runOnlyForDeploymentPostprocessing = 0;
		};
		8003D0433038824200C6CE01 /* Sources */ = {
			isa = PBXSourcesBuildPhase;
			buildActionMask = 2147483647;
			files = (
			);
			runOnlyForDeploymentPostprocessing = 0;
		};
		80A0DCF9303878CB00840C36 /* Sources */ = {
			isa = PBXSourcesBuildPhase;
			buildActionMask = 2147483647;
			files = (
				8003D01D30387A4900C6CE01 /* Config.swift in Sources */,
				8003D01E30387A4900C6CE01 /* Constants.swift in Sources */,
				8003D01F30387A4900C6CE01 /* IPCProtocol.swift in Sources */,
			);
			runOnlyForDeploymentPostprocessing = 0;
		};
/* End PBXSourcesBuildPhase section */

/* Begin XCBuildConfiguration section */
		8003D02A3038811E00C6CE01 /* Debug */ = {
			isa = XCBuildConfiguration;
			buildSettings = {
				CLANG_ENABLE_MODULES = YES;
				CODE_SIGN_STYLE = Automatic;
				MACOSX_DEPLOYMENT_TARGET = 26.5;
				PRODUCT_NAME = "$(TARGET_NAME)";
				SDKROOT = macosx;
				SWIFT_APPROACHABLE_CONCURRENCY = YES;
				SWIFT_OBJC_BRIDGING_HEADER = "ContentGuardDaemon-Bridging-Header.h";
				SWIFT_OPTIMIZATION_LEVEL = "-Onone";
				SWIFT_UPCOMING_FEATURE_MEMBER_IMPORT_VISIBILITY = YES;
				SWIFT_VERSION = 5.0;
			};
			name = Debug;
		};
		8003D02B3038811E00C6CE01 /* Release */ = {
			isa = XCBuildConfiguration;
			buildSettings = {
				CLANG_ENABLE_MODULES = YES;
				CODE_SIGN_STYLE = Automatic;
				MACOSX_DEPLOYMENT_TARGET = 26.5;
				PRODUCT_NAME = "$(TARGET_NAME)";
				SDKROOT = macosx;
				SWIFT_APPROACHABLE_CONCURRENCY = YES;
				SWIFT_OBJC_BRIDGING_HEADER = "ContentGuardDaemon-Bridging-Header.h";
				SWIFT_UPCOMING_FEATURE_MEMBER_IMPORT_VISIBILITY = YES;
				SWIFT_VERSION = 5.0;
			};
			name = Release;
		};
		8003D04C3038824200C6CE01 /* Debug */ = {
			isa = XCBuildConfiguration;
			buildSettings = {
				CLANG_ENABLE_MODULES = YES;
				CODE_SIGN_STYLE = Automatic;
				MACOSX_DEPLOYMENT_TARGET = 26.5;
				PRODUCT_NAME = "$(TARGET_NAME)";
				SDKROOT = macosx;
				SWIFT_APPROACHABLE_CONCURRENCY = YES;
				SWIFT_OBJC_BRIDGING_HEADER = "ContentGuardRelease/ContentGuardRelease-Bridging-Header.h";
				SWIFT_OPTIMIZATION_LEVEL = "-Onone";
				SWIFT_UPCOMING_FEATURE_MEMBER_IMPORT_VISIBILITY = YES;
				SWIFT_VERSION = 5.0;
			};
			name = Debug;
		};
		8003D04D3038824200C6CE01 /* Release */ = {
			isa = XCBuildConfiguration;
			buildSettings = {
				CLANG_ENABLE_MODULES = YES;
				CODE_SIGN_STYLE = Automatic;
				MACOSX_DEPLOYMENT_TARGET = 26.5;
				PRODUCT_NAME = "$(TARGET_NAME)";
				SDKROOT = macosx;
				SWIFT_APPROACHABLE_CONCURRENCY = YES;
				SWIFT_OBJC_BRIDGING_HEADER = "ContentGuardRelease/ContentGuardRelease-Bridging-Header.h";
				SWIFT_UPCOMING_FEATURE_MEMBER_IMPORT_VISIBILITY = YES;
				SWIFT_VERSION = 5.0;
			};
			name = Release;
		};
		80A0DD06303878CC00840C36 /* Debug */ = {
			isa = XCBuildConfiguration;
			buildSettings = {
				ALWAYS_SEARCH_USER_PATHS = NO;
				ASSETCATALOG_COMPILER_GENERATE_SWIFT_ASSET_SYMBOL_EXTENSIONS = YES;
				CLANG_ANALYZER_NONNULL = YES;
				CLANG_ANALYZER_NUMBER_OBJECT_CONVERSION = YES_AGGRESSIVE;
				CLANG_CXX_LANGUAGE_STANDARD = "gnu++20";
				CLANG_ENABLE_MODULES = YES;
				CLANG_ENABLE_OBJC_ARC = YES;
				CLANG_ENABLE_OBJC_WEAK = YES;
				CLANG_WARN_BLOCK_CAPTURE_AUTORELEASING = YES;
				CLANG_WARN_BOOL_CONVERSION = YES;
				CLANG_WARN_COMMA = YES;
				CLANG_WARN_CONSTANT_CONVERSION = YES;
				CLANG_WARN_DEPRECATED_OBJC_IMPLEMENTATIONS = YES;
				CLANG_WARN_DIRECT_OBJC_ISA_USAGE = YES_ERROR;
				CLANG_WARN_DOCUMENTATION_COMMENTS = YES;
				CLANG_WARN_EMPTY_BODY = YES;
				CLANG_WARN_ENUM_CONVERSION = YES;
				CLANG_WARN_INFINITE_RECURSION = YES;
				CLANG_WARN_INT_CONVERSION = YES;
				CLANG_WARN_NON_LITERAL_NULL_CONVERSION = YES;
				CLANG_WARN_OBJC_IMPLICIT_RETAIN_SELF = YES;
				CLANG_WARN_OBJC_LITERAL_CONVERSION = YES;
				CLANG_WARN_OBJC_ROOT_CLASS = YES_ERROR;
				CLANG_WARN_QUOTED_INCLUDE_IN_FRAMEWORK_HEADER = YES;
				CLANG_WARN_RANGE_LOOP_ANALYSIS = YES;
				CLANG_WARN_STRICT_PROTOTYPES = YES;
				CLANG_WARN_SUSPICIOUS_MOVE = YES;
				CLANG_WARN_UNGUARDED_AVAILABILITY = YES_AGGRESSIVE;
				CLANG_WARN_UNREACHABLE_CODE = YES;
				CLANG_WARN__DUPLICATE_METHOD_MATCH = YES;
				COPY_PHASE_STRIP = NO;
				DEBUG_INFORMATION_FORMAT = dwarf;
				ENABLE_STRICT_OBJC_MSGSEND = YES;
				ENABLE_TESTABILITY = YES;
				ENABLE_USER_SCRIPT_SANDBOXING = YES;
				GCC_C_LANGUAGE_STANDARD = gnu17;
				GCC_DYNAMIC_NO_PIC = NO;
				GCC_NO_COMMON_BLOCKS = YES;
				GCC_OPTIMIZATION_LEVEL = 0;
				GCC_PREPROCESSOR_DEFINITIONS = (
					"DEBUG=1",
					"$(inherited)",
				);
				GCC_WARN_64_TO_32_BIT_CONVERSION = YES;
				GCC_WARN_ABOUT_RETURN_TYPE = YES_ERROR;
				GCC_WARN_UNDECLARED_SELECTOR = YES;
				GCC_WARN_UNINITIALIZED_AUTOS = YES_AGGRESSIVE;
				GCC_WARN_UNUSED_FUNCTION = YES;
				GCC_WARN_UNUSED_VARIABLE = YES;
				LOCALIZATION_PREFERS_STRING_CATALOGS = YES;
				MTL_ENABLE_DEBUG_INFO = INCLUDE_SOURCE;
				MTL_FAST_MATH = YES;
				ONLY_ACTIVE_ARCH = YES;
				SWIFT_ACTIVE_COMPILATION_CONDITIONS = "DEBUG $(inherited)";
				SWIFT_OPTIMIZATION_LEVEL = "-Onone";
			};
			name = Debug;
		};
		80A0DD07303878CC00840C36 /* Release */ = {
			isa = XCBuildConfiguration;
			buildSettings = {
				ALWAYS_SEARCH_USER_PATHS = NO;
				ASSETCATALOG_COMPILER_GENERATE_SWIFT_ASSET_SYMBOL_EXTENSIONS = YES;
				CLANG_ANALYZER_NONNULL = YES;
				CLANG_ANALYZER_NUMBER_OBJECT_CONVERSION = YES_AGGRESSIVE;
				CLANG_CXX_LANGUAGE_STANDARD = "gnu++20";
				CLANG_ENABLE_MODULES = YES;
				CLANG_ENABLE_OBJC_ARC = YES;
				CLANG_ENABLE_OBJC_WEAK = YES;
				CLANG_WARN_BLOCK_CAPTURE_AUTORELEASING = YES;
				CLANG_WARN_BOOL_CONVERSION = YES;
				CLANG_WARN_COMMA = YES;
				CLANG_WARN_CONSTANT_CONVERSION = YES;
				CLANG_WARN_DEPRECATED_OBJC_IMPLEMENTATIONS = YES;
				CLANG_WARN_DIRECT_OBJC_ISA_USAGE = YES_ERROR;
				CLANG_WARN_DOCUMENTATION_COMMENTS = YES;
				CLANG_WARN_EMPTY_BODY = YES;
				CLANG_WARN_ENUM_CONVERSION = YES;
				CLANG_WARN_INFINITE_RECURSION = YES;
				CLANG_WARN_INT_CONVERSION = YES;
				CLANG_WARN_NON_LITERAL_NULL_CONVERSION = YES;
				CLANG_WARN_OBJC_IMPLICIT_RETAIN_SELF = YES;
				CLANG_WARN_OBJC_LITERAL_CONVERSION = YES;
				CLANG_WARN_OBJC_ROOT_CLASS = YES_ERROR;
				CLANG_WARN_QUOTED_INCLUDE_IN_FRAMEWORK_HEADER = YES;
				CLANG_WARN_RANGE_LOOP_ANALYSIS = YES;
				CLANG_WARN_STRICT_PROTOTYPES = YES;
				CLANG_WARN_SUSPICIOUS_MOVE = YES;
				CLANG_WARN_UNGUARDED_AVAILABILITY = YES_AGGRESSIVE;
				CLANG_WARN_UNREACHABLE_CODE = YES;
				CLANG_WARN__DUPLICATE_METHOD_MATCH = YES;
				COPY_PHASE_STRIP = NO;
				DEBUG_INFORMATION_FORMAT = "dwarf-with-dsym";
				ENABLE_NS_ASSERTIONS = NO;
				ENABLE_STRICT_OBJC_MSGSEND = YES;
				ENABLE_USER_SCRIPT_SANDBOXING = YES;
				GCC_C_LANGUAGE_STANDARD = gnu17;
				GCC_NO_COMMON_BLOCKS = YES;
				GCC_WARN_64_TO_32_BIT_CONVERSION = YES;
				GCC_WARN_ABOUT_RETURN_TYPE = YES_ERROR;
				GCC_WARN_UNDECLARED_SELECTOR = YES;
				GCC_WARN_UNINITIALIZED_AUTOS = YES_AGGRESSIVE;
				GCC_WARN_UNUSED_FUNCTION = YES;
				GCC_WARN_UNUSED_VARIABLE = YES;
				LOCALIZATION_PREFERS_STRING_CATALOGS = YES;
				MTL_ENABLE_DEBUG_INFO = NO;
				MTL_FAST_MATH = YES;
				SWIFT_COMPILATION_MODE = wholemodule;
			};
			name = Release;
		};
		80A0DD09303878CC00840C36 /* Debug */ = {
			isa = XCBuildConfiguration;
			buildSettings = {
				ASSETCATALOG_COMPILER_APPICON_NAME = AppIcon;
				ASSETCATALOG_COMPILER_GLOBAL_ACCENT_COLOR_NAME = AccentColor;
				CODE_SIGN_STYLE = Automatic;
				CURRENT_PROJECT_VERSION = 1;
				ENABLE_APP_SANDBOX = NO;
				ENABLE_PREVIEWS = YES;
				GENERATE_INFOPLIST_FILE = NO;
				"INFOPLIST_FILE[sdk=*]" = ContentGuardAgent/Info.plist;
				"INFOPLIST_KEY_UIApplicationSceneManifest_Generation[sdk=iphoneos*]" = YES;
				"INFOPLIST_KEY_UIApplicationSceneManifest_Generation[sdk=iphonesimulator*]" = YES;
				"INFOPLIST_KEY_UIApplicationSupportsIndirectInputEvents[sdk=iphoneos*]" = YES;
				"INFOPLIST_KEY_UIApplicationSupportsIndirectInputEvents[sdk=iphonesimulator*]" = YES;
				"INFOPLIST_KEY_UILaunchScreen_Generation[sdk=iphoneos*]" = YES;
				"INFOPLIST_KEY_UILaunchScreen_Generation[sdk=iphonesimulator*]" = YES;
				"INFOPLIST_KEY_UIStatusBarStyle[sdk=iphoneos*]" = UIStatusBarStyleDefault;
				"INFOPLIST_KEY_UIStatusBarStyle[sdk=iphonesimulator*]" = UIStatusBarStyleDefault;
				INFOPLIST_KEY_UISupportedInterfaceOrientations_iPad = "UIInterfaceOrientationPortrait UIInterfaceOrientationPortraitUpsideDown UIInterfaceOrientationLandscapeLeft UIInterfaceOrientationLandscapeRight";
				INFOPLIST_KEY_UISupportedInterfaceOrientations_iPhone = "UIInterfaceOrientationPortrait UIInterfaceOrientationLandscapeLeft UIInterfaceOrientationLandscapeRight";
				IPHONEOS_DEPLOYMENT_TARGET = 26.5;
				LD_RUNPATH_SEARCH_PATHS = "@executable_path/Frameworks";
				"LD_RUNPATH_SEARCH_PATHS[sdk=macosx*]" = "@executable_path/../Frameworks";
				MACOSX_DEPLOYMENT_TARGET = 26.5;
				MARKETING_VERSION = 1.0;
				PRODUCT_BUNDLE_IDENTIFIER = com.contentguard.agent;
				PRODUCT_NAME = "$(TARGET_NAME)";
				REGISTER_APP_GROUPS = YES;
				SDKROOT = auto;
				STRING_CATALOG_GENERATE_SYMBOLS = YES;
				SUPPORTED_PLATFORMS = macosx;
				SUPPORTS_MACCATALYST = NO;
				SWIFT_APPROACHABLE_CONCURRENCY = YES;
				SWIFT_DEFAULT_ACTOR_ISOLATION = MainActor;
				SWIFT_EMIT_LOC_STRINGS = YES;
				SWIFT_UPCOMING_FEATURE_MEMBER_IMPORT_VISIBILITY = YES;
				SWIFT_VERSION = 5.0;
				XROS_DEPLOYMENT_TARGET = 26.5;
			};
			name = Debug;
		};
		80A0DD0A303878CC00840C36 /* Release */ = {
			isa = XCBuildConfiguration;
			buildSettings = {
				ASSETCATALOG_COMPILER_APPICON_NAME = AppIcon;
				ASSETCATALOG_COMPILER_GLOBAL_ACCENT_COLOR_NAME = AccentColor;
				CODE_SIGN_STYLE = Automatic;
				CURRENT_PROJECT_VERSION = 1;
				ENABLE_APP_SANDBOX = NO;
				ENABLE_PREVIEWS = YES;
				GENERATE_INFOPLIST_FILE = NO;
				"INFOPLIST_FILE[sdk=*]" = ContentGuardAgent/Info.plist;
				"INFOPLIST_KEY_UIApplicationSceneManifest_Generation[sdk=iphoneos*]" = YES;
				"INFOPLIST_KEY_UIApplicationSceneManifest_Generation[sdk=iphonesimulator*]" = YES;
				"INFOPLIST_KEY_UIApplicationSupportsIndirectInputEvents[sdk=iphoneos*]" = YES;
				"INFOPLIST_KEY_UIApplicationSupportsIndirectInputEvents[sdk=iphonesimulator*]" = YES;
				"INFOPLIST_KEY_UILaunchScreen_Generation[sdk=iphoneos*]" = YES;
				"INFOPLIST_KEY_UILaunchScreen_Generation[sdk=iphonesimulator*]" = YES;
				"INFOPLIST_KEY_UIStatusBarStyle[sdk=iphoneos*]" = UIStatusBarStyleDefault;
				"INFOPLIST_KEY_UIStatusBarStyle[sdk=iphonesimulator*]" = UIStatusBarStyleDefault;
				INFOPLIST_KEY_UISupportedInterfaceOrientations_iPad = "UIInterfaceOrientationPortrait UIInterfaceOrientationPortraitUpsideDown UIInterfaceOrientationLandscapeLeft UIInterfaceOrientationLandscapeRight";
				INFOPLIST_KEY_UISupportedInterfaceOrientations_iPhone = "UIInterfaceOrientationPortrait UIInterfaceOrientationLandscapeLeft UIInterfaceOrientationLandscapeRight";
				IPHONEOS_DEPLOYMENT_TARGET = 26.5;
				LD_RUNPATH_SEARCH_PATHS = "@executable_path/Frameworks";
				"LD_RUNPATH_SEARCH_PATHS[sdk=macosx*]" = "@executable_path/../Frameworks";
				MACOSX_DEPLOYMENT_TARGET = 26.5;
				MARKETING_VERSION = 1.0;
				PRODUCT_BUNDLE_IDENTIFIER = com.contentguard.agent;
				PRODUCT_NAME = "$(TARGET_NAME)";
				REGISTER_APP_GROUPS = YES;
				SDKROOT = auto;
				STRING_CATALOG_GENERATE_SYMBOLS = YES;
				SUPPORTED_PLATFORMS = macosx;
				SUPPORTS_MACCATALYST = NO;
				SWIFT_APPROACHABLE_CONCURRENCY = YES;
				SWIFT_DEFAULT_ACTOR_ISOLATION = MainActor;
				SWIFT_EMIT_LOC_STRINGS = YES;
				SWIFT_UPCOMING_FEATURE_MEMBER_IMPORT_VISIBILITY = YES;
				SWIFT_VERSION = 5.0;
				XROS_DEPLOYMENT_TARGET = 26.5;
			};
			name = Release;
		};
/* End XCBuildConfiguration section */

/* Begin XCConfigurationList section */
		8003D0293038811E00C6CE01 /* Build configuration list for PBXNativeTarget "ContentGuardDaemon" */ = {
			isa = XCConfigurationList;
			buildConfigurations = (
				8003D02A3038811E00C6CE01 /* Debug */,
				8003D02B3038811E00C6CE01 /* Release */,
			);
			defaultConfigurationIsVisible = 0;
			defaultConfigurationName = Release;
		};
		8003D04B3038824200C6CE01 /* Build configuration list for PBXNativeTarget "ContentGuardRelease" */ = {
			isa = XCConfigurationList;
			buildConfigurations = (
				8003D04C3038824200C6CE01 /* Debug */,
				8003D04D3038824200C6CE01 /* Release */,
			);
			defaultConfigurationIsVisible = 0;
			defaultConfigurationName = Release;
		};
		80A0DCF8303878CB00840C36 /* Build configuration list for PBXProject "ContentGuard" */ = {
			isa = XCConfigurationList;
			buildConfigurations = (
				80A0DD06303878CC00840C36 /* Debug */,
				80A0DD07303878CC00840C36 /* Release */,
			);
			defaultConfigurationIsVisible = 0;
			defaultConfigurationName = Release;
		};
		80A0DD08303878CC00840C36 /* Build configuration list for PBXNativeTarget "ContentGuardAgent" */ = {
			isa = XCConfigurationList;
			buildConfigurations = (
				80A0DD09303878CC00840C36 /* Debug */,
				80A0DD0A303878CC00840C36 /* Release */,
			);
			defaultConfigurationIsVisible = 0;
			defaultConfigurationName = Release;
		};
/* End XCConfigurationList section */

/* Begin XCRemoteSwiftPackageReference section */
		8003D0573039787000C6CE01 /* XCRemoteSwiftPackageReference "onnxruntime-swift-package-manager" */ = {
			isa = XCRemoteSwiftPackageReference;
			repositoryURL = "https://github.com/microsoft/onnxruntime-swift-package-manager";
			requirement = {
				kind = upToNextMajorVersion;
				minimumVersion = 1.24.2;
			};
		};
/* End XCRemoteSwiftPackageReference section */

/* Begin XCSwiftPackageProductDependency section */
		8003D0583039787000C6CE01 /* onnxruntime */ = {
			isa = XCSwiftPackageProductDependency;
			package = 8003D0573039787000C6CE01 /* XCRemoteSwiftPackageReference "onnxruntime-swift-package-manager" */;
			productName = onnxruntime;
		};
		8003D05A3039787000C6CE01 /* onnxruntime_extensions */ = {
			isa = XCSwiftPackageProductDependency;
			package = 8003D0573039787000C6CE01 /* XCRemoteSwiftPackageReference "onnxruntime-swift-package-manager" */;
			productName = onnxruntime_extensions;
		};
/* End XCSwiftPackageProductDependency section */
	};
	rootObject = 80A0DCF5303878CB00840C36 /* Project object */;
}
